<?xml version="1.0" encoding="utf-8"?>
<Project ToolsVersion="4.0" xmlns="http://schemas.microsoft.com/developer/msbuild/2003">
  <ItemGroup>
    <Filter Include="Source Files">
      <UniqueIdentifier>{4FC737F1-C7A5-4376-A066-2A32D752A2FF}</UniqueIdentifier>
      <Extensions>cpp;c;cc;cxx;def;odl;idl;hpj;bat;asm;asmx</Extensions>
    </Filter>
    <Filter Include="Header Files">
      <UniqueIdentifier>{93995380-89BD-4b04-88EB-625FBE52EBFB}</UniqueIdentifier>
      <Extensions>h;hh;hpp;hxx;hm;inl;inc;xsd</Extensions>
    </Filter>
    <Filter Include="Resource Files">
      <UniqueIdentifier>{67DA6AB6-F800-4c08-8B7A-83BB121AAD01}</UniqueIdentifier>
      <Extensions>rc;ico;cur;bmp;dlg;rc2;rct;bin;rgs;gif;jpg;jpeg;jpe;resx;tiff;tif;png;wav;mfcribbon-ms</Extensions>
    </Filter>
  </ItemGroup>
  <ItemGroup>
    <ClCompile Include="cGameObject.cpp">
      <Filter>Source Files</Filter>
    </ClCompile>
    <ClCompile Include="cLightManager.cpp">
      <Filter>Source Files</Filter>
    </ClCompile>
    <ClCompile Include="cMesh.cpp">
      <Filter>Source Files</Filter>
    </ClCompile>
    <ClCompile Include="cShader.cpp">
      <Filter>Source Files</Filter>
    </ClCompile>
    <ClCompile Include="cShaderManager.cpp">
      <Filter>Source Files</Filter>
    </ClCompile>
    <ClCompile Include="cTriangle.cpp">
      <Filter>Source Files</Filter>
    </ClCompile>
    <ClCompile Include="cVAOMeshManager.cpp">
      <Filter>Source Files</Filter>
    </ClCompile>
    <ClCompile Include="GLFW_keyboardCallback.cpp">
      <Filter>Source Files</Filter>
    </ClCompile>
    <ClCompile Include="ModelUtilities.cpp">
      <Filter>Source Files</Filter>
    </ClCompile>
    <ClCompile Include="Physics.cpp">
      <Filter>Source Files</Filter>
    </ClCompile>
    <ClCompile Include="SceneLoader.cpp">
      <Filter>Source Files</Filter>
    </ClCompile>
    <ClCompile Include="TheMain.cpp">
      <Filter>Source Files</Filter>
    </ClCompile>
    <ClCompile Include="Utilities.cpp">
      <Filter>Source Files</Filter>
    </ClCompile>
    <ClCompile Include="Texture\C24BitBMPpixel.cpp">
      <Filter>Source Files</Filter>
    </ClCompile>
    <ClCompile Include="Texture\cBasicTextureManager.cpp">
      <Filter>Source Files</Filter>
    </ClCompile>
    <ClCompile Include="Texture\CTextureFromBMP.cpp">
      <Filter>Source Files</Filter>
    </ClCompile>
    <ClCompile Include="src\glad.c">
      <Filter>Source Files</Filter>
    </ClCompile>
    <ClCompile Include="AABB_Center_Radius.cpp">
      <Filter>Source Files</Filter>
    </ClCompile>
    <ClCompile Include="AABB_Tri.cpp">
      <Filter>Source Files</Filter>
    </ClCompile>
    <ClCompile Include="DebugRenderer.cpp">
      <Filter>Source Files</Filter>
    </ClCompile>
    <ClCompile Include="OpenGLError.cpp">
      <Filter>Source Files</Filter>
    </ClCompile>
    <ClCompile Include="ErrorLog.cpp">
      <Filter>Source Files</Filter>
    </ClCompile>
    <ClCompile Include="CStringHelper.cpp">
      <Filter>Source Files</Filter>
    </ClCompile>
    <ClCompile Include="CStringUtils.cpp">
      <Filter>Source Files</Filter>
    </ClCompile>
    <ClCompile Include="cDebugRenderer_BuiltInShapes.cpp">
      <Filter>Source Files</Filter>
    </ClCompile>
    <ClCompile Include="cEmitter.cpp">
      <Filter>Source Files</Filter>
    </ClCompile>
  </ItemGroup>
  <ItemGroup>
    <ClInclude Include="cGameObject.h">
      <Filter>Header Files</Filter>
    </ClInclude>
    <ClInclude Include="cLightManager.h">
      <Filter>Header Files</Filter>
    </ClInclude>
    <ClInclude Include="cMesh.h">
      <Filter>Header Files</Filter>
    </ClInclude>
    <ClInclude Include="cShaderManager.h">
      <Filter>Header Files</Filter>
    </ClInclude>
    <ClInclude Include="cTriangle.h">
      <Filter>Header Files</Filter>
    </ClInclude>
    <ClInclude Include="cVAOMeshManager.h">
      <Filter>Header Files</Filter>
    </ClInclude>
    <ClInclude Include="globalGameStuff.h">
      <Filter>Header Files</Filter>
    </ClInclude>
    <ClInclude Include="globalOpenGL_GLFW.h">
      <Filter>Header Files</Filter>
    </ClInclude>
    <ClInclude Include="ModelUtilities.h">
      <Filter>Header Files</Filter>
    </ClInclude>
    <ClInclude Include="Physics.h">
      <Filter>Header Files</Filter>
    </ClInclude>
    <ClInclude Include="sVertex_xyz_rgba_n_uv2_bt.h">
      <Filter>Header Files</Filter>
    </ClInclude>
    <ClInclude Include="Utilities.h">
      <Filter>Header Files</Filter>
    </ClInclude>
    <ClInclude Include="Texture\C24BitBMPpixel.h">
      <Filter>Header Files</Filter>
    </ClInclude>
    <ClInclude Include="Texture\cBasicTextureManager.h">
      <Filter>Header Files</Filter>
    </ClInclude>
    <ClInclude Include="Texture\CTextureFromBMP.h">
      <Filter>Header Files</Filter>
    </ClInclude>
    <ClInclude Include="AABB_Center_Radius.h">
      <Filter>Header Files</Filter>
    </ClInclude>
    <ClInclude Include="AABB_Tri.h">
      <Filter>Header Files</Filter>
    </ClInclude>
    <ClInclude Include="iDebugRenderer.h">
      <Filter>Header Files</Filter>
    </ClInclude>
    <ClInclude Include="DebugRenderer.h">
      <Filter>Header Files</Filter>
    </ClInclude>
    <ClInclude Include="OpenGLError.h">
      <Filter>Header Files</Filter>
    </ClInclude>
    <ClInclude Include="ErrorLog.h">
      <Filter>Header Files</Filter>
    </ClInclude>
    <ClInclude Include="sVAOInfo.h">
      <Filter>Header Files</Filter>
    </ClInclude>
    <ClInclude Include="CStringHelper.h">
      <Filter>Header Files</Filter>
    </ClInclude>
    <ClInclude Include="CStringUtils.h">
      <Filter>Header Files</Filter>
    </ClInclude>
    <ClInclude Include="cEmitter.h">
      <Filter>Header Files</Filter>
    </ClInclude>
    <ClInclude Include="cParticle.h">
      <Filter>Header Files</Filter>
    </ClInclude>
  </ItemGroup>
  <ItemGroup>
    <None Include="assets\shaders\simpleFrag.glsl" />
    <None Include="assets\shaders\simpleVert.glsl" />
  </ItemGroup>
  <ItemGroup>
    <Text Include="modelsAndScene.txt" />
  </ItemGroup>
</Project>